
Microsoft Visual Studio Solution File, Format Version 12.00
# Visual Studio Version 17
VisualStudioVersion = 17.4.33110.190
MinimumVisualStudioVersion = 10.0.40219.1
Project("{F184B08F-C81C-45F6-A57F-5ABD9991F28F}") = "TouchInput", "\\Mac\Home\Projects\Szoftverfejlesztés\VB.Net\TouchInput_v1.0\TouchInput\TouchInput.vbproj", "{68A17954-AF60-4001-84A9-849D3B2120B7}"
	ProjectSection(ProjectDependencies) = postProject
		{D6A84F4A-E926-4CB5-9307-7695B9365973} = {D6A84F4A-E926-4CB5-9307-7695B9365973}
	EndProjectSection
EndProject
Project("{F184B08F-C81C-45F6-A57F-5ABD9991F28F}") = "GradientControls", "\\Mac\Home\Projects\Szoftverfejlesztés\VB.Net\GradientControls_v1.0\GradientControls\GradientControls.vbproj", "{D6A84F4A-E926-4CB5-9307-7695B9365973}"
EndProject
Global
	GlobalSection(SolutionConfigurationPlatforms) = preSolution
		Debug|Any CPU = Debug|Any CPU
		Release|Any CPU = Release|Any CPU
	EndGlobalSection
	GlobalSection(ProjectConfigurationPlatforms) = postSolution
		{68A17954-AF60-4001-84A9-849D3B2120B7}.Debug|Any CPU.ActiveCfg = Debug|Any CPU
		{68A17954-AF60-4001-84A9-849D3B2120B7}.Debug|Any CPU.Build.0 = Debug|Any CPU
		{68A17954-AF60-4001-84A9-849D3B2120B7}.Release|Any CPU.ActiveCfg = Release|Any CPU
		{68A17954-AF60-4001-84A9-849D3B2120B7}.Release|Any CPU.Build.0 = Release|Any CPU
		{D6A84F4A-E926-4CB5-9307-7695B9365973}.Debug|Any CPU.ActiveCfg = Debug|Any CPU
		{D6A84F4A-E926-4CB5-9307-7695B9365973}.Debug|Any CPU.Build.0 = Debug|Any CPU
		{D6A84F4A-E926-4CB5-9307-7695B9365973}.Release|Any CPU.ActiveCfg = Release|Any CPU
		{D6A84F4A-E926-4CB5-9307-7695B9365973}.Release|Any CPU.Build.0 = Release|Any CPU
	EndGlobalSection
	GlobalSection(SolutionProperties) = preSolution
		HideSolutionNode = FALSE
	EndGlobalSection
	GlobalSection(ExtensibilityGlobals) = postSolution
		SolutionGuid = {2D131AEF-4876-444B-B085-A252A61FF3DA}
	EndGlobalSection
EndGlobal
